{
  "pins" : [
    {
      "identity" : "wirewheelsdk",
      "kind" : "remoteSourceControl",
      "location" : "https://github.com/wraza0116/WireWheelSDK.git",
      "state" : {
        "revision" : "b3afe39cb5fd23bb648f38b7a21fa47a6e684dd2",
        "version" : "1.0.27"
      }
    }
  ],
  "version" : 2
}
