{
  "pins" : [
    {
      "identity" : "wirewheelsdk",
      "kind" : "remoteSourceControl",
      "location" : "https://github.com/wraza0116/WireWheelSDK.git",
      "state" : {
        "revision" : "37cf898a055d8a14a900c53dbcf6770982db8822",
        "version" : "1.0.29"
      }
    }
  ],
  "version" : 2
}
