{
  "pins" : [
    {
      "identity" : "wirewheelsdk",
      "kind" : "remoteSourceControl",
      "location" : "https://github.com/wraza0116/WireWheelSDK.git",
      "state" : {
        "revision" : "3a0a16b590c53a9f9c11ff3003494f507d03f00a",
        "version" : "1.0.30"
      }
    }
  ],
  "version" : 2
}
